PODS:
  - BJCollection (0.3.0)
  - BJComment (0.1.0):
    - BJCollection

DEPENDENCIES:
  - BJComment (from `../`)

SPEC REPOS:
  trunk:
    - BJCollection

EXTERNAL SOURCES:
  BJComment:
    :path: "../"

SPEC CHECKSUMS:
  BJCollection: b39c50b7503b4c4b6bbf0dd04ecf2e533ee9d460
  BJComment: 9fee73b711303e73a80991f311c5ed16be3203d8

PODFILE CHECKSUM: baeeaec04df12ab3c2161eeed6a25ef03b9635fc

COCOAPODS: 1.11.2
